
Microsoft Visual Studio Solution File, Format Version 12.00
# Visual Studio Version 16
VisualStudioVersion = 16.0.31729.503
MinimumVisualStudioVersion = 10.0.40219.1
Project("{FAE04EC0-301F-11D3-BF4B-00C04F79EFBC}") = "HashTableExample", "HashTableExample\HashTableExample.csproj", "{6DC03139-2E3B-484F-8A0D-2728E75FFCA9}"
EndProject
Global
	GlobalSection(SolutionConfigurationPlatforms) = preSolution
		Debug|Any CPU = Debug|Any CPU
		Release|Any CPU = Release|Any CPU
	EndGlobalSection
	GlobalSection(ProjectConfigurationPlatforms) = postSolution
		{6DC03139-2E3B-484F-8A0D-2728E75FFCA9}.Debug|Any CPU.ActiveCfg = Debug|Any CPU
		{6DC03139-2E3B-484F-8A0D-2728E75FFCA9}.Debug|Any CPU.Build.0 = Debug|Any CPU
		{6DC03139-2E3B-484F-8A0D-2728E75FFCA9}.Release|Any CPU.ActiveCfg = Release|Any CPU
		{6DC03139-2E3B-484F-8A0D-2728E75FFCA9}.Release|Any CPU.Build.0 = Release|Any CPU
	EndGlobalSection
	GlobalSection(SolutionProperties) = preSolution
		HideSolutionNode = FALSE
	EndGlobalSection
	GlobalSection(ExtensibilityGlobals) = postSolution
		SolutionGuid = {97F2FEDB-6870-4A0B-9704-3CAC1BE29181}
	EndGlobalSection
EndGlobal
